// !$*UTF8*$!
{
	archiveVersion = 1;
	classes = {
	};
	objectVersion = 77;
	objects = {

/* Begin PBXBuildFile section */
		68F9B97A2F6C647000EAC18F /* AppDelegate.swift in Sources */ = {isa = PBXBuildFile; fileRef = 68F9B9792F6C647000EAC18F /* AppDelegate.swift */; };
		68F9B97E2F6C647000EAC18F /* Main.html in Resources */ = {isa = PBXBuildFile; fileRef = 68F9B97C2F6C647000EAC18F /* Main.html */; };
		68F9B9802F6C647000EAC18F /* Icon.png in Resources */ = {isa = PBXBuildFile; fileRef = 68F9B97F2F6C647000EAC18F /* Icon.png */; };
		68F9B9822F6C647000EAC18F /* Style.css in Resources */ = {isa = PBXBuildFile; fileRef = 68F9B9812F6C647000EAC18F /* Style.css */; };
		68F9B9842F6C647000EAC18F /* Script.js in Resources */ = {isa = PBXBuildFile; fileRef = 68F9B9832F6C647000EAC18F /* Script.js */; };
		68F9B9862F6C647000EAC18F /* ViewController.swift in Sources */ = {isa = PBXBuildFile; fileRef = 68F9B9852F6C647000EAC18F /* ViewController.swift */; };
		68F9B9892F6C647000EAC18F /* Main.storyboard in Resources */ = {isa = PBXBuildFile; fileRef = 68F9B9872F6C647000EAC18F /* Main.storyboard */; };
		68F9B98B2F6C647200EAC18F /* Assets.xcassets in Resources */ = {isa = PBXBuildFile; fileRef = 68F9B98A2F6C647200EAC18F /* Assets.xcassets */; };
		68F9B9922F6C647200EAC18F /* SafariEVMWallet Extension.appex in Embed Foundation Extensions */ = {isa = PBXBuildFile; fileRef = 68F9B9912F6C647200EAC18F /* SafariEVMWallet Extension.appex */; settings = {ATTRIBUTES = (RemoveHeadersOnCopy, ); }; };
		68F9B9972F6C647200EAC18F /* SafariWebExtensionHandler.swift in Sources */ = {isa = PBXBuildFile; fileRef = 68F9B9962F6C647200EAC18F /* SafariWebExtensionHandler.swift */; };
		68F9B9A82F6C647200EAC18F /* popup in Resources */ = {isa = PBXBuildFile; fileRef = 68F9B9A32F6C647200EAC18F /* popup */; };
		68F9B9A92F6C647200EAC18F /* background.js in Resources */ = {isa = PBXBuildFile; fileRef = 68F9B9A42F6C647200EAC18F /* background.js */; };
		68F9B9AA2F6C647200EAC18F /* inpage.js in Resources */ = {isa = PBXBuildFile; fileRef = 68F9B9A52F6C647200EAC18F /* inpage.js */; };
		68F9B9AB2F6C647200EAC18F /* manifest.json in Resources */ = {isa = PBXBuildFile; fileRef = 68F9B9A62F6C647200EAC18F /* manifest.json */; };
		68F9B9AC2F6C647200EAC18F /* content-script.js in Resources */ = {isa = PBXBuildFile; fileRef = 68F9B9A72F6C647200EAC18F /* content-script.js */; };
		68F9B9AE2F6C647200EAC18F /* icons in Resources */ = {isa = PBXBuildFile; fileRef = 68F9B9AD2F6C647200EAC18F /* icons */; };
/* End PBXBuildFile section */

/* Begin PBXContainerItemProxy section */
		68F9B9932F6C647200EAC18F /* PBXContainerItemProxy */ = {
			isa = PBXContainerItemProxy;
			containerPortal = 68F9B96E2F6C647000EAC18F /* Project object */;
			proxyType = 1;
			remoteGlobalIDString = 68F9B9902F6C647200EAC18F;
			remoteInfo = "SafariEVMWallet Extension";
		};
/* End PBXContainerItemProxy section */

/* Begin PBXCopyFilesBuildPhase section */
		68F9B99E2F6C647200EAC18F /* Embed Foundation Extensions */ = {
			isa = PBXCopyFilesBuildPhase;
			buildActionMask = 2147483647;
			dstPath = "";
			dstSubfolderSpec = 13;
			files = (
				68F9B9922F6C647200EAC18F /* SafariEVMWallet Extension.appex in Embed Foundation Extensions */,
			);
			name = "Embed Foundation Extensions";
			runOnlyForDeploymentPostprocessing = 0;
		};
/* End PBXCopyFilesBuildPhase section */

/* Begin PBXFileReference section */
		68F9B9762F6C647000EAC18F /* SafariEVMWallet.app */ = {isa = PBXFileReference; explicitFileType = wrapper.application; includeInIndex = 0; path = SafariEVMWallet.app; sourceTree = BUILT_PRODUCTS_DIR; };
		68F9B9792F6C647000EAC18F /* AppDelegate.swift */ = {isa = PBXFileReference; lastKnownFileType = sourcecode.swift; path = AppDelegate.swift; sourceTree = "<group>"; };
		68F9B97D2F6C647000EAC18F /* Base */ = {isa = PBXFileReference; lastKnownFileType = text.html; name = Base; path = Base.lproj/Main.html; sourceTree = "<group>"; };
		68F9B97F2F6C647000EAC18F /* Icon.png */ = {isa = PBXFileReference; lastKnownFileType = image.png; path = Icon.png; sourceTree = "<group>"; };
		68F9B9812F6C647000EAC18F /* Style.css */ = {isa = PBXFileReference; lastKnownFileType = text.css; path = Style.css; sourceTree = "<group>"; };
		68F9B9832F6C647000EAC18F /* Script.js */ = {isa = PBXFileReference; lastKnownFileType = sourcecode.javascript; path = Script.js; sourceTree = "<group>"; };
		68F9B9852F6C647000EAC18F /* ViewController.swift */ = {isa = PBXFileReference; lastKnownFileType = sourcecode.swift; path = ViewController.swift; sourceTree = "<group>"; };
		68F9B9882F6C647000EAC18F /* Base */ = {isa = PBXFileReference; lastKnownFileType = file.storyboard; name = Base; path = Base.lproj/Main.storyboard; sourceTree = "<group>"; };
		68F9B98A2F6C647200EAC18F /* Assets.xcassets */ = {isa = PBXFileReference; lastKnownFileType = folder.assetcatalog; path = Assets.xcassets; sourceTree = "<group>"; };
		68F9B98C2F6C647200EAC18F /* Info.plist */ = {isa = PBXFileReference; lastKnownFileType = text.plist.xml; path = Info.plist; sourceTree = "<group>"; };
		68F9B9912F6C647200EAC18F /* SafariEVMWallet Extension.appex */ = {isa = PBXFileReference; explicitFileType = "wrapper.app-extension"; includeInIndex = 0; path = "SafariEVMWallet Extension.appex"; sourceTree = BUILT_PRODUCTS_DIR; };
		68F9B9962F6C647200EAC18F /* SafariWebExtensionHandler.swift */ = {isa = PBXFileReference; lastKnownFileType = sourcecode.swift; path = SafariWebExtensionHandler.swift; sourceTree = "<group>"; };
		68F9B9982F6C647200EAC18F /* Info.plist */ = {isa = PBXFileReference; lastKnownFileType = text.plist.xml; path = Info.plist; sourceTree = "<group>"; };
		68F9B9A32F6C647200EAC18F /* popup */ = {isa = PBXFileReference; lastKnownFileType = folder; name = popup; path = ../../../dist/popup; sourceTree = "<group>"; };
		68F9B9A42F6C647200EAC18F /* background.js */ = {isa = PBXFileReference; lastKnownFileType = sourcecode.javascript; name = background.js; path = ../../../dist/background.js; sourceTree = "<group>"; };
		68F9B9A52F6C647200EAC18F /* inpage.js */ = {isa = PBXFileReference; lastKnownFileType = sourcecode.javascript; name = inpage.js; path = ../../../dist/inpage.js; sourceTree = "<group>"; };
		68F9B9A62F6C647200EAC18F /* manifest.json */ = {isa = PBXFileReference; lastKnownFileType = text.json; name = manifest.json; path = ../../../dist/manifest.json; sourceTree = "<group>"; };
		68F9B9A72F6C647200EAC18F /* content-script.js */ = {isa = PBXFileReference; lastKnownFileType = sourcecode.javascript; name = "content-script.js"; path = "../../../dist/content-script.js"; sourceTree = "<group>"; };
		68F9B9AD2F6C647200EAC18F /* icons */ = {isa = PBXFileReference; lastKnownFileType = folder; name = icons; path = ../../../dist/icons; sourceTree = "<group>"; };
		68F9B9B02F6C647200EAC18F /* SafariEVMWallet.entitlements */ = {isa = PBXFileReference; lastKnownFileType = text.plist.entitlements; path = SafariEVMWallet.entitlements; sourceTree = "<group>"; };
		68F9B9B12F6C647200EAC18F /* SafariEVMWallet Extension.entitlements */ = {isa = PBXFileReference; lastKnownFileType = text.plist.entitlements; path = "SafariEVMWallet Extension.entitlements"; sourceTree = "<group>"; };
/* End PBXFileReference section */

/* Begin PBXFrameworksBuildPhase section */
		68F9B9732F6C647000EAC18F /* Frameworks */ = {
			isa = PBXFrameworksBuildPhase;
			buildActionMask = 2147483647;
			files = (
			);
			runOnlyForDeploymentPostprocessing = 0;
		};
		68F9B98E2F6C647200EAC18F /* Frameworks */ = {
			isa = PBXFrameworksBuildPhase;
			buildActionMask = 2147483647;
			files = (
			);
			runOnlyForDeploymentPostprocessing = 0;
		};
/* End PBXFrameworksBuildPhase section */

/* Begin PBXGroup section */
		68F9B96D2F6C647000EAC18F = {
			isa = PBXGroup;
			children = (
				68F9B9782F6C647000EAC18F /* SafariEVMWallet */,
				68F9B9952F6C647200EAC18F /* SafariEVMWallet Extension */,
				68F9B9772F6C647000EAC18F /* Products */,
			);
			sourceTree = "<group>";
		};
		68F9B9772F6C647000EAC18F /* Products */ = {
			isa = PBXGroup;
			children = (
				68F9B9762F6C647000EAC18F /* SafariEVMWallet.app */,
				68F9B9912F6C647200EAC18F /* SafariEVMWallet Extension.appex */,
			);
			name = Products;
			sourceTree = "<group>";
		};
		68F9B9782F6C647000EAC18F /* SafariEVMWallet */ = {
			isa = PBXGroup;
			children = (
				68F9B9B02F6C647200EAC18F /* SafariEVMWallet.entitlements */,
				68F9B9792F6C647000EAC18F /* AppDelegate.swift */,
				68F9B9852F6C647000EAC18F /* ViewController.swift */,
				68F9B9872F6C647000EAC18F /* Main.storyboard */,
				68F9B98A2F6C647200EAC18F /* Assets.xcassets */,
				68F9B98C2F6C647200EAC18F /* Info.plist */,
				68F9B97B2F6C647000EAC18F /* Resources */,
			);
			path = SafariEVMWallet;
			sourceTree = "<group>";
		};
		68F9B97B2F6C647000EAC18F /* Resources */ = {
			isa = PBXGroup;
			children = (
				68F9B97C2F6C647000EAC18F /* Main.html */,
				68F9B97F2F6C647000EAC18F /* Icon.png */,
				68F9B9812F6C647000EAC18F /* Style.css */,
				68F9B9832F6C647000EAC18F /* Script.js */,
			);
			path = Resources;
			sourceTree = "<group>";
		};
		68F9B9952F6C647200EAC18F /* SafariEVMWallet Extension */ = {
			isa = PBXGroup;
			children = (
				68F9B9B12F6C647200EAC18F /* SafariEVMWallet Extension.entitlements */,
				68F9B9A22F6C647200EAC18F /* Resources */,
				68F9B9962F6C647200EAC18F /* SafariWebExtensionHandler.swift */,
				68F9B9982F6C647200EAC18F /* Info.plist */,
			);
			path = "SafariEVMWallet Extension";
			sourceTree = "<group>";
		};
		68F9B9A22F6C647200EAC18F /* Resources */ = {
			isa = PBXGroup;
			children = (
				68F9B9A32F6C647200EAC18F /* popup */,
				68F9B9A42F6C647200EAC18F /* background.js */,
				68F9B9A52F6C647200EAC18F /* inpage.js */,
				68F9B9A62F6C647200EAC18F /* manifest.json */,
				68F9B9A72F6C647200EAC18F /* content-script.js */,
				68F9B9AD2F6C647200EAC18F /* icons */,
			);
			name = Resources;
			path = "SafariEVMWallet Extension";
			sourceTree = SOURCE_ROOT;
		};
/* End PBXGroup section */

/* Begin PBXNativeTarget section */
		68F9B9752F6C647000EAC18F /* SafariEVMWallet */ = {
			isa = PBXNativeTarget;
			buildConfigurationList = 68F9B99F2F6C647200EAC18F /* Build configuration list for PBXNativeTarget "SafariEVMWallet" */;
			buildPhases = (
				68F9B9722F6C647000EAC18F /* Sources */,
				68F9B9732F6C647000EAC18F /* Frameworks */,
				68F9B9742F6C647000EAC18F /* Resources */,
				68F9B99E2F6C647200EAC18F /* Embed Foundation Extensions */,
			);
			buildRules = (
			);
			dependencies = (
				68F9B9942F6C647200EAC18F /* PBXTargetDependency */,
			);
			name = SafariEVMWallet;
			packageProductDependencies = (
			);
			productName = SafariEVMWallet;
			productReference = 68F9B9762F6C647000EAC18F /* SafariEVMWallet.app */;
			productType = "com.apple.product-type.application";
		};
		68F9B9902F6C647200EAC18F /* SafariEVMWallet Extension */ = {
			isa = PBXNativeTarget;
			buildConfigurationList = 68F9B99B2F6C647200EAC18F /* Build configuration list for PBXNativeTarget "SafariEVMWallet Extension" */;
			buildPhases = (
				68F9B98D2F6C647200EAC18F /* Sources */,
				68F9B98E2F6C647200EAC18F /* Frameworks */,
				68F9B98F2F6C647200EAC18F /* Resources */,
			);
			buildRules = (
			);
			dependencies = (
			);
			name = "SafariEVMWallet Extension";
			packageProductDependencies = (
			);
			productName = "SafariEVMWallet Extension";
			productReference = 68F9B9912F6C647200EAC18F /* SafariEVMWallet Extension.appex */;
			productType = "com.apple.product-type.app-extension";
		};
/* End PBXNativeTarget section */

/* Begin PBXProject section */
		68F9B96E2F6C647000EAC18F /* Project object */ = {
			isa = PBXProject;
			attributes = {
				BuildIndependentTargetsInParallel = 1;
				LastSwiftUpdateCheck = 2630;
				LastUpgradeCheck = 2630;
				TargetAttributes = {
					68F9B9752F6C647000EAC18F = {
						CreatedOnToolsVersion = 26.3;
					};
					68F9B9902F6C647200EAC18F = {
						CreatedOnToolsVersion = 26.3;
					};
				};
			};
			buildConfigurationList = 68F9B9712F6C647000EAC18F /* Build configuration list for PBXProject "SafariEVMWallet" */;
			developmentRegion = en;
			hasScannedForEncodings = 0;
			knownRegions = (
				en,
				Base,
			);
			mainGroup = 68F9B96D2F6C647000EAC18F;
			minimizedProjectReferenceProxies = 1;
			preferredProjectObjectVersion = 77;
			productRefGroup = 68F9B9772F6C647000EAC18F /* Products */;
			projectDirPath = "";
			projectRoot = "";
			targets = (
				68F9B9752F6C647000EAC18F /* SafariEVMWallet */,
				68F9B9902F6C647200EAC18F /* SafariEVMWallet Extension */,
			);
		};
/* End PBXProject section */

/* Begin PBXResourcesBuildPhase section */
		68F9B9742F6C647000EAC18F /* Resources */ = {
			isa = PBXResourcesBuildPhase;
			buildActionMask = 2147483647;
			files = (
				68F9B9802F6C647000EAC18F /* Icon.png in Resources */,
				68F9B9892F6C647000EAC18F /* Main.storyboard in Resources */,
				68F9B9842F6C647000EAC18F /* Script.js in Resources */,
				68F9B97E2F6C647000EAC18F /* Main.html in Resources */,
				68F9B98B2F6C647200EAC18F /* Assets.xcassets in Resources */,
				68F9B9822F6C647000EAC18F /* Style.css in Resources */,
			);
			runOnlyForDeploymentPostprocessing = 0;
		};
		68F9B98F2F6C647200EAC18F /* Resources */ = {
			isa = PBXResourcesBuildPhase;
			buildActionMask = 2147483647;
			files = (
				68F9B9AC2F6C647200EAC18F /* content-script.js in Resources */,
				68F9B9AB2F6C647200EAC18F /* manifest.json in Resources */,
				68F9B9A92F6C647200EAC18F /* background.js in Resources */,
				68F9B9A82F6C647200EAC18F /* popup in Resources */,
				68F9B9AA2F6C647200EAC18F /* inpage.js in Resources */,
				68F9B9AE2F6C647200EAC18F /* icons in Resources */,
			);
			runOnlyForDeploymentPostprocessing = 0;
		};
/* End PBXResourcesBuildPhase section */

/* Begin PBXSourcesBuildPhase section */
		68F9B9722F6C647000EAC18F /* Sources */ = {
			isa = PBXSourcesBuildPhase;
			buildActionMask = 2147483647;
			files = (
				68F9B9862F6C647000EAC18F /* ViewController.swift in Sources */,
				68F9B97A2F6C647000EAC18F /* AppDelegate.swift in Sources */,
			);
			runOnlyForDeploymentPostprocessing = 0;
		};
		68F9B98D2F6C647200EAC18F /* Sources */ = {
			isa = PBXSourcesBuildPhase;
			buildActionMask = 2147483647;
			files = (
				68F9B9972F6C647200EAC18F /* SafariWebExtensionHandler.swift in Sources */,
			);
			runOnlyForDeploymentPostprocessing = 0;
		};
/* End PBXSourcesBuildPhase section */

/* Begin PBXTargetDependency section */
		68F9B9942F6C647200EAC18F /* PBXTargetDependency */ = {
			isa = PBXTargetDependency;
			target = 68F9B9902F6C647200EAC18F /* SafariEVMWallet Extension */;
			targetProxy = 68F9B9932F6C647200EAC18F /* PBXContainerItemProxy */;
		};
/* End PBXTargetDependency section */

/* Begin PBXVariantGroup section */
		68F9B97C2F6C647000EAC18F /* Main.html */ = {
			isa = PBXVariantGroup;
			children = (
				68F9B97D2F6C647000EAC18F /* Base */,
			);
			name = Main.html;
			sourceTree = "<group>";
		};
		68F9B9872F6C647000EAC18F /* Main.storyboard */ = {
			isa = PBXVariantGroup;
			children = (
				68F9B9882F6C647000EAC18F /* Base */,
			);
			name = Main.storyboard;
			sourceTree = "<group>";
		};
/* End PBXVariantGroup section */

/* Begin XCBuildConfiguration section */
		68F9B9992F6C647200EAC18F /* Debug */ = {
			isa = XCBuildConfiguration;
			buildSettings = {
				ALWAYS_SEARCH_USER_PATHS = NO;
				ASSETCATALOG_COMPILER_GENERATE_SWIFT_ASSET_SYMBOL_EXTENSIONS = YES;
				CLANG_ANALYZER_NONNULL = YES;
				CLANG_ANALYZER_NUMBER_OBJECT_CONVERSION = YES_AGGRESSIVE;
				CLANG_CXX_LANGUAGE_STANDARD = "gnu++20";
				CLANG_ENABLE_MODULES = YES;
				CLANG_ENABLE_OBJC_ARC = YES;
				CLANG_ENABLE_OBJC_WEAK = YES;
				CLANG_WARN_BLOCK_CAPTURE_AUTORELEASING = YES;
				CLANG_WARN_BOOL_CONVERSION = YES;
				CLANG_WARN_COMMA = YES;
				CLANG_WARN_CONSTANT_CONVERSION = YES;
				CLANG_WARN_DEPRECATED_OBJC_IMPLEMENTATIONS = YES;
				CLANG_WARN_DIRECT_OBJC_ISA_USAGE = YES_ERROR;
				CLANG_WARN_DOCUMENTATION_COMMENTS = YES;
				CLANG_WARN_EMPTY_BODY = YES;
				CLANG_WARN_ENUM_CONVERSION = YES;
				CLANG_WARN_INFINITE_RECURSION = YES;
				CLANG_WARN_INT_CONVERSION = YES;
				CLANG_WARN_NON_LITERAL_NULL_CONVERSION = YES;
				CLANG_WARN_OBJC_IMPLICIT_RETAIN_SELF = YES;
				CLANG_WARN_OBJC_LITERAL_CONVERSION = YES;
				CLANG_WARN_OBJC_ROOT_CLASS = YES_ERROR;
				CLANG_WARN_QUOTED_INCLUDE_IN_FRAMEWORK_HEADER = YES;
				CLANG_WARN_RANGE_LOOP_ANALYSIS = YES;
				CLANG_WARN_STRICT_PROTOTYPES = YES;
				CLANG_WARN_SUSPICIOUS_MOVE = YES;
				CLANG_WARN_UNGUARDED_AVAILABILITY = YES_AGGRESSIVE;
				CLANG_WARN_UNREACHABLE_CODE = YES;
				CLANG_WARN__DUPLICATE_METHOD_MATCH = YES;
				COPY_PHASE_STRIP = NO;
				DEBUG_INFORMATION_FORMAT = dwarf;
				ENABLE_STRICT_OBJC_MSGSEND = YES;
				ENABLE_TESTABILITY = YES;
				ENABLE_USER_SCRIPT_SANDBOXING = YES;
				GCC_C_LANGUAGE_STANDARD = gnu17;
				GCC_DYNAMIC_NO_PIC = NO;
				GCC_NO_COMMON_BLOCKS = YES;
				GCC_OPTIMIZATION_LEVEL = 0;
				GCC_PREPROCESSOR_DEFINITIONS = (
					"DEBUG=1",
					"$(inherited)",
				);
				GCC_WARN_64_TO_32_BIT_CONVERSION = YES;
				GCC_WARN_ABOUT_RETURN_TYPE = YES_ERROR;
				GCC_WARN_UNDECLARED_SELECTOR = YES;
				GCC_WARN_UNINITIALIZED_AUTOS = YES_AGGRESSIVE;
				GCC_WARN_UNUSED_FUNCTION = YES;
				GCC_WARN_UNUSED_VARIABLE = YES;
				LOCALIZATION_PREFERS_STRING_CATALOGS = YES;
				MACOSX_DEPLOYMENT_TARGET = 15.6;
				MTL_ENABLE_DEBUG_INFO = INCLUDE_SOURCE;
				MTL_FAST_MATH = YES;
				ONLY_ACTIVE_ARCH = YES;
				SDKROOT = macosx;
				SWIFT_ACTIVE_COMPILATION_CONDITIONS = "DEBUG $(inherited)";
				SWIFT_OPTIMIZATION_LEVEL = "-Onone";
			};
			name = Debug;
		};
		68F9B99A2F6C647200EAC18F /* Release */ = {
			isa = XCBuildConfiguration;
			buildSettings = {
				ALWAYS_SEARCH_USER_PATHS = NO;
				ASSETCATALOG_COMPILER_GENERATE_SWIFT_ASSET_SYMBOL_EXTENSIONS = YES;
				CLANG_ANALYZER_NONNULL = YES;
				CLANG_ANALYZER_NUMBER_OBJECT_CONVERSION = YES_AGGRESSIVE;
				CLANG_CXX_LANGUAGE_STANDARD = "gnu++20";
				CLANG_ENABLE_MODULES = YES;
				CLANG_ENABLE_OBJC_ARC = YES;
				CLANG_ENABLE_OBJC_WEAK = YES;
				CLANG_WARN_BLOCK_CAPTURE_AUTORELEASING = YES;
				CLANG_WARN_BOOL_CONVERSION = YES;
				CLANG_WARN_COMMA = YES;
				CLANG_WARN_CONSTANT_CONVERSION = YES;
				CLANG_WARN_DEPRECATED_OBJC_IMPLEMENTATIONS = YES;
				CLANG_WARN_DIRECT_OBJC_ISA_USAGE = YES_ERROR;
				CLANG_WARN_DOCUMENTATION_COMMENTS = YES;
				CLANG_WARN_EMPTY_BODY = YES;
				CLANG_WARN_ENUM_CONVERSION = YES;
				CLANG_WARN_INFINITE_RECURSION = YES;
				CLANG_WARN_INT_CONVERSION = YES;
				CLANG_WARN_NON_LITERAL_NULL_CONVERSION = YES;
				CLANG_WARN_OBJC_IMPLICIT_RETAIN_SELF = YES;
				CLANG_WARN_OBJC_LITERAL_CONVERSION = YES;
				CLANG_WARN_OBJC_ROOT_CLASS = YES_ERROR;
				CLANG_WARN_QUOTED_INCLUDE_IN_FRAMEWORK_HEADER = YES;
				CLANG_WARN_RANGE_LOOP_ANALYSIS = YES;
				CLANG_WARN_STRICT_PROTOTYPES = YES;
				CLANG_WARN_SUSPICIOUS_MOVE = YES;
				CLANG_WARN_UNGUARDED_AVAILABILITY = YES_AGGRESSIVE;
				CLANG_WARN_UNREACHABLE_CODE = YES;
				CLANG_WARN__DUPLICATE_METHOD_MATCH = YES;
				COPY_PHASE_STRIP = NO;
				DEBUG_INFORMATION_FORMAT = "dwarf-with-dsym";
				ENABLE_NS_ASSERTIONS = NO;
				ENABLE_STRICT_OBJC_MSGSEND = YES;
				ENABLE_USER_SCRIPT_SANDBOXING = YES;
				GCC_C_LANGUAGE_STANDARD = gnu17;
				GCC_NO_COMMON_BLOCKS = YES;
				GCC_WARN_64_TO_32_BIT_CONVERSION = YES;
				GCC_WARN_ABOUT_RETURN_TYPE = YES_ERROR;
				GCC_WARN_UNDECLARED_SELECTOR = YES;
				GCC_WARN_UNINITIALIZED_AUTOS = YES_AGGRESSIVE;
				GCC_WARN_UNUSED_FUNCTION = YES;
				GCC_WARN_UNUSED_VARIABLE = YES;
				LOCALIZATION_PREFERS_STRING_CATALOGS = YES;
				MACOSX_DEPLOYMENT_TARGET = 15.6;
				MTL_ENABLE_DEBUG_INFO = NO;
				MTL_FAST_MATH = YES;
				SDKROOT = macosx;
				SWIFT_COMPILATION_MODE = wholemodule;
			};
			name = Release;
		};
		68F9B99C2F6C647200EAC18F /* Debug */ = {
			isa = XCBuildConfiguration;
			buildSettings = {
				CODE_SIGN_ENTITLEMENTS = "SafariEVMWallet Extension/SafariEVMWallet Extension.entitlements";
				CODE_SIGN_STYLE = Automatic;
				CURRENT_PROJECT_VERSION = 1;
				DEVELOPMENT_TEAM = 6W99J3W7BS;
				ENABLE_APP_SANDBOX = YES;
				ENABLE_HARDENED_RUNTIME = YES;
				ENABLE_USER_SELECTED_FILES = readonly;
				GENERATE_INFOPLIST_FILE = YES;
				INFOPLIST_FILE = "SafariEVMWallet Extension/Info.plist";
				INFOPLIST_KEY_CFBundleDisplayName = "SafariEVMWallet Extension";
				INFOPLIST_KEY_NSHumanReadableCopyright = "";
				LD_RUNPATH_SEARCH_PATHS = (
					"$(inherited)",
					"@executable_path/../Frameworks",
					"@executable_path/../../../../Frameworks",
				);
				MACOSX_DEPLOYMENT_TARGET = 10.14;
				MARKETING_VERSION = 1.0;
				OTHER_LDFLAGS = (
					"-framework",
					SafariServices,
				);
				PRODUCT_BUNDLE_IDENTIFIER = dev.wallet.SafariEVMWallet.Extension;
				PRODUCT_NAME = "$(TARGET_NAME)";
				SKIP_INSTALL = YES;
				STRING_CATALOG_GENERATE_SYMBOLS = YES;
				SWIFT_APPROACHABLE_CONCURRENCY = YES;
				SWIFT_EMIT_LOC_STRINGS = YES;
				SWIFT_UPCOMING_FEATURE_MEMBER_IMPORT_VISIBILITY = YES;
				SWIFT_VERSION = 5.0;
			};
			name = Debug;
		};
		68F9B99D2F6C647200EAC18F /* Release */ = {
			isa = XCBuildConfiguration;
			buildSettings = {
				CODE_SIGN_ENTITLEMENTS = "SafariEVMWallet Extension/SafariEVMWallet Extension.entitlements";
				CODE_SIGN_STYLE = Automatic;
				CURRENT_PROJECT_VERSION = 1;
				DEVELOPMENT_TEAM = 6W99J3W7BS;
				ENABLE_APP_SANDBOX = YES;
				ENABLE_HARDENED_RUNTIME = YES;
				ENABLE_USER_SELECTED_FILES = readonly;
				GENERATE_INFOPLIST_FILE = YES;
				INFOPLIST_FILE = "SafariEVMWallet Extension/Info.plist";
				INFOPLIST_KEY_CFBundleDisplayName = "SafariEVMWallet Extension";
				INFOPLIST_KEY_NSHumanReadableCopyright = "";
				LD_RUNPATH_SEARCH_PATHS = (
					"$(inherited)",
					"@executable_path/../Frameworks",
					"@executable_path/../../../../Frameworks",
				);
				MACOSX_DEPLOYMENT_TARGET = 10.14;
				MARKETING_VERSION = 1.0;
				OTHER_LDFLAGS = (
					"-framework",
					SafariServices,
				);
				PRODUCT_BUNDLE_IDENTIFIER = dev.wallet.SafariEVMWallet.Extension;
				PRODUCT_NAME = "$(TARGET_NAME)";
				SKIP_INSTALL = YES;
				STRING_CATALOG_GENERATE_SYMBOLS = YES;
				SWIFT_APPROACHABLE_CONCURRENCY = YES;
				SWIFT_EMIT_LOC_STRINGS = YES;
				SWIFT_UPCOMING_FEATURE_MEMBER_IMPORT_VISIBILITY = YES;
				SWIFT_VERSION = 5.0;
			};
			name = Release;
		};
		68F9B9A02F6C647200EAC18F /* Debug */ = {
			isa = XCBuildConfiguration;
			buildSettings = {
				ASSETCATALOG_COMPILER_APPICON_NAME = AppIcon;
				ASSETCATALOG_COMPILER_GLOBAL_ACCENT_COLOR_NAME = AccentColor;
				CODE_SIGN_ENTITLEMENTS = SafariEVMWallet/SafariEVMWallet.entitlements;
				CODE_SIGN_STYLE = Automatic;
				COMBINE_HIDPI_IMAGES = YES;
				CURRENT_PROJECT_VERSION = 1;
				DEVELOPMENT_TEAM = 6W99J3W7BS;
				ENABLE_APP_SANDBOX = YES;
				ENABLE_HARDENED_RUNTIME = YES;
				ENABLE_INCOMING_NETWORK_CONNECTIONS = YES;
				ENABLE_OUTGOING_NETWORK_CONNECTIONS = YES;
				ENABLE_RESOURCE_ACCESS_AUDIO_INPUT = NO;
				ENABLE_RESOURCE_ACCESS_BLUETOOTH = NO;
				ENABLE_RESOURCE_ACCESS_CALENDARS = NO;
				ENABLE_RESOURCE_ACCESS_CAMERA = NO;
				ENABLE_RESOURCE_ACCESS_CONTACTS = NO;
				ENABLE_RESOURCE_ACCESS_LOCATION = NO;
				ENABLE_RESOURCE_ACCESS_PRINTING = NO;
				ENABLE_RESOURCE_ACCESS_USB = NO;
				ENABLE_USER_SELECTED_FILES = readonly;
				GENERATE_INFOPLIST_FILE = YES;
				INFOPLIST_FILE = SafariEVMWallet/Info.plist;
				INFOPLIST_KEY_CFBundleDisplayName = SafariEVMWallet;
				INFOPLIST_KEY_NSHumanReadableCopyright = "";
				INFOPLIST_KEY_NSMainStoryboardFile = Main;
				INFOPLIST_KEY_NSPrincipalClass = NSApplication;
				LD_RUNPATH_SEARCH_PATHS = (
					"$(inherited)",
					"@executable_path/../Frameworks",
				);
				MARKETING_VERSION = 1.0;
				OTHER_LDFLAGS = (
					"-framework",
					SafariServices,
					"-framework",
					WebKit,
				);
				PRODUCT_BUNDLE_IDENTIFIER = dev.wallet.SafariEVMWallet;
				PRODUCT_NAME = "$(TARGET_NAME)";
				REGISTER_APP_GROUPS = YES;
				STRING_CATALOG_GENERATE_SYMBOLS = YES;
				SWIFT_APPROACHABLE_CONCURRENCY = YES;
				SWIFT_DEFAULT_ACTOR_ISOLATION = MainActor;
				SWIFT_EMIT_LOC_STRINGS = YES;
				SWIFT_UPCOMING_FEATURE_MEMBER_IMPORT_VISIBILITY = YES;
				SWIFT_VERSION = 5.0;
			};
			name = Debug;
		};
		68F9B9A12F6C647200EAC18F /* Release */ = {
			isa = XCBuildConfiguration;
			buildSettings = {
				ASSETCATALOG_COMPILER_APPICON_NAME = AppIcon;
				ASSETCATALOG_COMPILER_GLOBAL_ACCENT_COLOR_NAME = AccentColor;
				CODE_SIGN_ENTITLEMENTS = SafariEVMWallet/SafariEVMWallet.entitlements;
				CODE_SIGN_STYLE = Automatic;
				COMBINE_HIDPI_IMAGES = YES;
				CURRENT_PROJECT_VERSION = 1;
				DEVELOPMENT_TEAM = 6W99J3W7BS;
				ENABLE_APP_SANDBOX = YES;
				ENABLE_HARDENED_RUNTIME = YES;
				ENABLE_INCOMING_NETWORK_CONNECTIONS = YES;
				ENABLE_OUTGOING_NETWORK_CONNECTIONS = YES;
				ENABLE_RESOURCE_ACCESS_AUDIO_INPUT = NO;
				ENABLE_RESOURCE_ACCESS_BLUETOOTH = NO;
				ENABLE_RESOURCE_ACCESS_CALENDARS = NO;
				ENABLE_RESOURCE_ACCESS_CAMERA = NO;
				ENABLE_RESOURCE_ACCESS_CONTACTS = NO;
				ENABLE_RESOURCE_ACCESS_LOCATION = NO;
				ENABLE_RESOURCE_ACCESS_PRINTING = NO;
				ENABLE_RESOURCE_ACCESS_USB = NO;
				ENABLE_USER_SELECTED_FILES = readonly;
				GENERATE_INFOPLIST_FILE = YES;
				INFOPLIST_FILE = SafariEVMWallet/Info.plist;
				INFOPLIST_KEY_CFBundleDisplayName = SafariEVMWallet;
				INFOPLIST_KEY_NSHumanReadableCopyright = "";
				INFOPLIST_KEY_NSMainStoryboardFile = Main;
				INFOPLIST_KEY_NSPrincipalClass = NSApplication;
				LD_RUNPATH_SEARCH_PATHS = (
					"$(inherited)",
					"@executable_path/../Frameworks",
				);
				MARKETING_VERSION = 1.0;
				OTHER_LDFLAGS = (
					"-framework",
					SafariServices,
					"-framework",
					WebKit,
				);
				PRODUCT_BUNDLE_IDENTIFIER = dev.wallet.SafariEVMWallet;
				PRODUCT_NAME = "$(TARGET_NAME)";
				REGISTER_APP_GROUPS = YES;
				STRING_CATALOG_GENERATE_SYMBOLS = YES;
				SWIFT_APPROACHABLE_CONCURRENCY = YES;
				SWIFT_DEFAULT_ACTOR_ISOLATION = MainActor;
				SWIFT_EMIT_LOC_STRINGS = YES;
				SWIFT_UPCOMING_FEATURE_MEMBER_IMPORT_VISIBILITY = YES;
				SWIFT_VERSION = 5.0;
			};
			name = Release;
		};
/* End XCBuildConfiguration section */

/* Begin XCConfigurationList section */
		68F9B9712F6C647000EAC18F /* Build configuration list for PBXProject "SafariEVMWallet" */ = {
			isa = XCConfigurationList;
			buildConfigurations = (
				68F9B9992F6C647200EAC18F /* Debug */,
				68F9B99A2F6C647200EAC18F /* Release */,
			);
			defaultConfigurationIsVisible = 0;
			defaultConfigurationName = Release;
		};
		68F9B99B2F6C647200EAC18F /* Build configuration list for PBXNativeTarget "SafariEVMWallet Extension" */ = {
			isa = XCConfigurationList;
			buildConfigurations = (
				68F9B99C2F6C647200EAC18F /* Debug */,
				68F9B99D2F6C647200EAC18F /* Release */,
			);
			defaultConfigurationIsVisible = 0;
			defaultConfigurationName = Release;
		};
		68F9B99F2F6C647200EAC18F /* Build configuration list for PBXNativeTarget "SafariEVMWallet" */ = {
			isa = XCConfigurationList;
			buildConfigurations = (
				68F9B9A02F6C647200EAC18F /* Debug */,
				68F9B9A12F6C647200EAC18F /* Release */,
			);
			defaultConfigurationIsVisible = 0;
			defaultConfigurationName = Release;
		};
/* End XCConfigurationList section */
	};
	rootObject = 68F9B96E2F6C647000EAC18F /* Project object */;
}
