// !$*UTF8*$!
{
	archiveVersion = 1;
	classes = {
	};
	objectVersion = 77;
	objects = {

/* Begin PBXBuildFile section */
		B5EFF0F0E8344F219D706C4D /* AppDelegate.swift in Sources */ = {isa = PBXBuildFile; fileRef = B66B3198B5A24605A98028A5 /* AppDelegate.swift */; };
		65A1CCDA0D9C415A8A8F5E10 /* Main.html in Resources */ = {isa = PBXBuildFile; fileRef = BBAE73ED803148278EAEBC2A /* Main.html */; };
		70CCF51BA329470BBFDCF7FB /* Icon.png in Resources */ = {isa = PBXBuildFile; fileRef = BFC301D5C043404DAD360DA3 /* Icon.png */; };
		6EA268AD257B4363B0D17FBC /* Style.css in Resources */ = {isa = PBXBuildFile; fileRef = BEB2814D1D64434EB4715162 /* Style.css */; };
		289DDBF05FD74DB79FE7E953 /* Script.js in Resources */ = {isa = PBXBuildFile; fileRef = EC3F84A5AA6F42389F13F14F /* Script.js */; };
		6030F2C9864F4E6382F55A47 /* ViewController.swift in Sources */ = {isa = PBXBuildFile; fileRef = 5ACE951944024CFCA2B79B17 /* ViewController.swift */; };
		0C53E71570424A8BA6EE2422 /* Main.storyboard in Resources */ = {isa = PBXBuildFile; fileRef = 25A9BA7A009749D8A4D42FAF /* Main.storyboard */; };
		ABFCE2F2DF854A5FA5331223 /* Assets.xcassets in Resources */ = {isa = PBXBuildFile; fileRef = AF879052E4904436B88DA1C7 /* Assets.xcassets */; };
		8AA8E51BF6C14E8BBFDCEA0A /* LionWallet Extension.appex in Embed Foundation Extensions */ = {isa = PBXBuildFile; fileRef = 09869D9BEEE34AC8AE3DC3A1 /* LionWallet Extension.appex */; settings = {ATTRIBUTES = (RemoveHeadersOnCopy, ); }; };
		3C6F981C539B4AD58AF45CCC /* SafariWebExtensionHandler.swift in Sources */ = {isa = PBXBuildFile; fileRef = 438715B0504948269AF63304 /* SafariWebExtensionHandler.swift */; };
		2FA96D1F084D483DA7BC46E3 /* popup in Resources */ = {isa = PBXBuildFile; fileRef = 0581378043D949C89B282622 /* popup */; };
		933F099EB3D445B1B8926220 /* background.js in Resources */ = {isa = PBXBuildFile; fileRef = 8FFFA39376C749E09E35ACDF /* background.js */; };
		EB36273328CF4CAA8B75700B /* inpage.js in Resources */ = {isa = PBXBuildFile; fileRef = 909E9C8BBDE841B893871E27 /* inpage.js */; };
		2B8A4E1A2A70427CA0DD4E38 /* manifest.json in Resources */ = {isa = PBXBuildFile; fileRef = 88360D99FC8B4C4A9A18D294 /* manifest.json */; };
		630A6F3BE94C4C8B9960E7B0 /* content-script.js in Resources */ = {isa = PBXBuildFile; fileRef = 54DB8C40143648DCA17E37C7 /* content-script.js */; };
		BA67433C7C19449BB68A68F2 /* icons in Resources */ = {isa = PBXBuildFile; fileRef = 0DDC905B98534B76BAABD3EE /* icons */; };
		C889D327F7834930AFF36E4F /* ToolbarItemIcon.xcassets in Resources */ = {isa = PBXBuildFile; fileRef = 025D3EF1D35748638D455B63 /* ToolbarItemIcon.xcassets */; };
		A1B2C3D4E5F60001A0000001 /* KeychainHelper.swift in Sources */ = {isa = PBXBuildFile; fileRef = A1B2C3D4E5F60001A0000010 /* KeychainHelper.swift */; };
		A1B2C3D4E5F60001A0000002 /* KeychainHelper.swift in Sources */ = {isa = PBXBuildFile; fileRef = A1B2C3D4E5F60001A0000010 /* KeychainHelper.swift */; };
		A1B2C3D4E5F60001A0000003 /* main.swift in Sources */ = {isa = PBXBuildFile; fileRef = A1B2C3D4E5F60001A0000011 /* main.swift */; };
		A1B2C3D4E5F60001A0000004 /* NativeMessagingHost.swift in Sources */ = {isa = PBXBuildFile; fileRef = A1B2C3D4E5F60001A0000012 /* NativeMessagingHost.swift */; };
/* End PBXBuildFile section */

/* Begin PBXContainerItemProxy section */
		A3FCCA44275C46C0AFCB9E1B /* PBXContainerItemProxy */ = {
			isa = PBXContainerItemProxy;
			containerPortal = CD45C85C65134D6EBC933EE6 /* Project object */;
			proxyType = 1;
			remoteGlobalIDString = 3D9DFCA07BB0403B9FEECE36;
			remoteInfo = "LionWallet Extension";
		};
/* End PBXContainerItemProxy section */

/* Begin PBXCopyFilesBuildPhase section */
		8805195773B642729B77D5C2 /* Embed Foundation Extensions */ = {
			isa = PBXCopyFilesBuildPhase;
			buildActionMask = 2147483647;
			dstPath = "";
			dstSubfolderSpec = 13;
			files = (
				8AA8E51BF6C14E8BBFDCEA0A /* LionWallet Extension.appex in Embed Foundation Extensions */,
			);
			name = "Embed Foundation Extensions";
			runOnlyForDeploymentPostprocessing = 0;
		};
/* End PBXCopyFilesBuildPhase section */

/* Begin PBXFileReference section */
		801D2BB8305C4D14BCFF1E8C /* LionWallet.app */ = {isa = PBXFileReference; explicitFileType = wrapper.application; includeInIndex = 0; path = LionWallet.app; sourceTree = BUILT_PRODUCTS_DIR; };
		B66B3198B5A24605A98028A5 /* AppDelegate.swift */ = {isa = PBXFileReference; lastKnownFileType = sourcecode.swift; path = AppDelegate.swift; sourceTree = "<group>"; };
		92B42EEB10C04380BD3CEDD3 /* Base */ = {isa = PBXFileReference; lastKnownFileType = text.html; name = Base; path = Base.lproj/Main.html; sourceTree = "<group>"; };
		BFC301D5C043404DAD360DA3 /* Icon.png */ = {isa = PBXFileReference; lastKnownFileType = image.png; path = Icon.png; sourceTree = "<group>"; };
		BEB2814D1D64434EB4715162 /* Style.css */ = {isa = PBXFileReference; lastKnownFileType = text.css; path = Style.css; sourceTree = "<group>"; };
		EC3F84A5AA6F42389F13F14F /* Script.js */ = {isa = PBXFileReference; lastKnownFileType = sourcecode.javascript; path = Script.js; sourceTree = "<group>"; };
		5ACE951944024CFCA2B79B17 /* ViewController.swift */ = {isa = PBXFileReference; lastKnownFileType = sourcecode.swift; path = ViewController.swift; sourceTree = "<group>"; };
		2D0AACB30AC94E2CB49EAEC2 /* Base */ = {isa = PBXFileReference; lastKnownFileType = file.storyboard; name = Base; path = Base.lproj/Main.storyboard; sourceTree = "<group>"; };
		AF879052E4904436B88DA1C7 /* Assets.xcassets */ = {isa = PBXFileReference; lastKnownFileType = folder.assetcatalog; path = Assets.xcassets; sourceTree = "<group>"; };
		14DA4E4E911340F095BE7302 /* Info.plist */ = {isa = PBXFileReference; lastKnownFileType = text.plist.xml; path = Info.plist; sourceTree = "<group>"; };
		09869D9BEEE34AC8AE3DC3A1 /* LionWallet Extension.appex */ = {isa = PBXFileReference; explicitFileType = "wrapper.app-extension"; includeInIndex = 0; path = "LionWallet Extension.appex"; sourceTree = BUILT_PRODUCTS_DIR; };
		438715B0504948269AF63304 /* SafariWebExtensionHandler.swift */ = {isa = PBXFileReference; lastKnownFileType = sourcecode.swift; path = SafariWebExtensionHandler.swift; sourceTree = "<group>"; };
		B43D35CDB87249FA8830CB99 /* Info.plist */ = {isa = PBXFileReference; lastKnownFileType = text.plist.xml; path = Info.plist; sourceTree = "<group>"; };
		0581378043D949C89B282622 /* popup */ = {isa = PBXFileReference; lastKnownFileType = folder; name = popup; path = ../../../dist/popup; sourceTree = "<group>"; };
		8FFFA39376C749E09E35ACDF /* background.js */ = {isa = PBXFileReference; lastKnownFileType = sourcecode.javascript; name = background.js; path = ../../../dist/background.js; sourceTree = "<group>"; };
		909E9C8BBDE841B893871E27 /* inpage.js */ = {isa = PBXFileReference; lastKnownFileType = sourcecode.javascript; name = inpage.js; path = ../../../dist/inpage.js; sourceTree = "<group>"; };
		88360D99FC8B4C4A9A18D294 /* manifest.json */ = {isa = PBXFileReference; lastKnownFileType = text.json; name = manifest.json; path = ../../../dist/manifest.json; sourceTree = "<group>"; };
		54DB8C40143648DCA17E37C7 /* content-script.js */ = {isa = PBXFileReference; lastKnownFileType = sourcecode.javascript; name = "content-script.js"; path = "../../../dist/content-script.js"; sourceTree = "<group>"; };
		0DDC905B98534B76BAABD3EE /* icons */ = {isa = PBXFileReference; lastKnownFileType = folder; name = icons; path = ../../../dist/icons; sourceTree = "<group>"; };
		1B84B545D8C542C397BACF03 /* LionWallet.entitlements */ = {isa = PBXFileReference; lastKnownFileType = text.plist.entitlements; path = LionWallet.entitlements; sourceTree = "<group>"; };
		2BC4B4D764984E69B32217A8 /* LionWallet Extension.entitlements */ = {isa = PBXFileReference; lastKnownFileType = text.plist.entitlements; path = "LionWallet Extension.entitlements"; sourceTree = "<group>"; };
		025D3EF1D35748638D455B63 /* ToolbarItemIcon.xcassets */ = {isa = PBXFileReference; lastKnownFileType = folder.assetcatalog; path = ToolbarItemIcon.xcassets; sourceTree = "<group>"; };
		A1B2C3D4E5F60001A0000010 /* KeychainHelper.swift */ = {isa = PBXFileReference; lastKnownFileType = sourcecode.swift; path = KeychainHelper.swift; sourceTree = "<group>"; };
		A1B2C3D4E5F60001A0000011 /* main.swift */ = {isa = PBXFileReference; lastKnownFileType = sourcecode.swift; path = main.swift; sourceTree = "<group>"; };
		A1B2C3D4E5F60001A0000012 /* NativeMessagingHost.swift */ = {isa = PBXFileReference; lastKnownFileType = sourcecode.swift; path = NativeMessagingHost.swift; sourceTree = "<group>"; };
/* End PBXFileReference section */

/* Begin PBXFrameworksBuildPhase section */
		EF624974F7654CE896BD0567 /* Frameworks */ = {
			isa = PBXFrameworksBuildPhase;
			buildActionMask = 2147483647;
			files = (
			);
			runOnlyForDeploymentPostprocessing = 0;
		};
		B4A566A7F94942D0934CA960 /* Frameworks */ = {
			isa = PBXFrameworksBuildPhase;
			buildActionMask = 2147483647;
			files = (
			);
			runOnlyForDeploymentPostprocessing = 0;
		};
/* End PBXFrameworksBuildPhase section */

/* Begin PBXGroup section */
		02606E972F6D49F48CD84125 = {
			isa = PBXGroup;
			children = (
				8102CEC53653456DBAB874E9 /* LionWallet */,
				3FCC68F9DE48484CA0526121 /* LionWallet Extension */,
				A1B2C3D4E5F60001A0000020 /* Shared */,
				D640CC581B174136BCCB9DEA /* Products */,
			);
			sourceTree = "<group>";
		};
		D640CC581B174136BCCB9DEA /* Products */ = {
			isa = PBXGroup;
			children = (
				801D2BB8305C4D14BCFF1E8C /* LionWallet.app */,
				09869D9BEEE34AC8AE3DC3A1 /* LionWallet Extension.appex */,
			);
			name = Products;
			sourceTree = "<group>";
		};
		8102CEC53653456DBAB874E9 /* LionWallet */ = {
			isa = PBXGroup;
			children = (
				1B84B545D8C542C397BACF03 /* LionWallet.entitlements */,
				A1B2C3D4E5F60001A0000011 /* main.swift */,
				B66B3198B5A24605A98028A5 /* AppDelegate.swift */,
				5ACE951944024CFCA2B79B17 /* ViewController.swift */,
				A1B2C3D4E5F60001A0000012 /* NativeMessagingHost.swift */,
				25A9BA7A009749D8A4D42FAF /* Main.storyboard */,
				AF879052E4904436B88DA1C7 /* Assets.xcassets */,
				14DA4E4E911340F095BE7302 /* Info.plist */,
				CEF4AD5C5B5F4E1C9B187535 /* Resources */,
			);
			path = LionWallet;
			sourceTree = "<group>";
		};
		CEF4AD5C5B5F4E1C9B187535 /* Resources */ = {
			isa = PBXGroup;
			children = (
				BBAE73ED803148278EAEBC2A /* Main.html */,
				BFC301D5C043404DAD360DA3 /* Icon.png */,
				BEB2814D1D64434EB4715162 /* Style.css */,
				EC3F84A5AA6F42389F13F14F /* Script.js */,
			);
			path = Resources;
			sourceTree = "<group>";
		};
		3FCC68F9DE48484CA0526121 /* LionWallet Extension */ = {
			isa = PBXGroup;
			children = (
				2BC4B4D764984E69B32217A8 /* LionWallet Extension.entitlements */,
				5A5AE0527D404E0C962427DE /* Resources */,
				438715B0504948269AF63304 /* SafariWebExtensionHandler.swift */,
				B43D35CDB87249FA8830CB99 /* Info.plist */,
				025D3EF1D35748638D455B63 /* ToolbarItemIcon.xcassets */,
			);
			path = "LionWallet Extension";
			sourceTree = "<group>";
		};
		5A5AE0527D404E0C962427DE /* Resources */ = {
			isa = PBXGroup;
			children = (
				0581378043D949C89B282622 /* popup */,
				8FFFA39376C749E09E35ACDF /* background.js */,
				909E9C8BBDE841B893871E27 /* inpage.js */,
				88360D99FC8B4C4A9A18D294 /* manifest.json */,
				54DB8C40143648DCA17E37C7 /* content-script.js */,
				0DDC905B98534B76BAABD3EE /* icons */,
			);
			name = Resources;
			path = "LionWallet Extension";
			sourceTree = SOURCE_ROOT;
		};
	A1B2C3D4E5F60001A0000020 /* Shared */ = {
			isa = PBXGroup;
			children = (
				A1B2C3D4E5F60001A0000010 /* KeychainHelper.swift */,
			);
			path = Shared;
			sourceTree = "<group>";
		};
/* End PBXGroup section */

/* Begin PBXNativeTarget section */
		0A0BC9E4135041C696A4CEE5 /* LionWallet */ = {
			isa = PBXNativeTarget;
			buildConfigurationList = 13556759FDF84404B1E4F01E /* Build configuration list for PBXNativeTarget "LionWallet" */;
			buildPhases = (
				A63E1AF324FD41249D884637 /* Sources */,
				EF624974F7654CE896BD0567 /* Frameworks */,
				44BD361299634634BCA7D291 /* Resources */,
				8805195773B642729B77D5C2 /* Embed Foundation Extensions */,
			);
			buildRules = (
			);
			dependencies = (
				63AF1675C41B426C88756A7D /* PBXTargetDependency */,
			);
			name = LionWallet;
			packageProductDependencies = (
			);
			productName = LionWallet;
			productReference = 801D2BB8305C4D14BCFF1E8C /* LionWallet.app */;
			productType = "com.apple.product-type.application";
		};
		3D9DFCA07BB0403B9FEECE36 /* LionWallet Extension */ = {
			isa = PBXNativeTarget;
			buildConfigurationList = C4C6FF6C6A3145819AD032D4 /* Build configuration list for PBXNativeTarget "LionWallet Extension" */;
			buildPhases = (
				35668C79D9374ED6AA4C6458 /* Sources */,
				B4A566A7F94942D0934CA960 /* Frameworks */,
				6EA223B3DA904A9E93BBD372 /* Resources */,
			);
			buildRules = (
			);
			dependencies = (
			);
			name = "LionWallet Extension";
			packageProductDependencies = (
			);
			productName = "LionWallet Extension";
			productReference = 09869D9BEEE34AC8AE3DC3A1 /* LionWallet Extension.appex */;
			productType = "com.apple.product-type.app-extension";
		};
/* End PBXNativeTarget section */

/* Begin PBXProject section */
		CD45C85C65134D6EBC933EE6 /* Project object */ = {
			isa = PBXProject;
			attributes = {
				BuildIndependentTargetsInParallel = 1;
				LastSwiftUpdateCheck = 2630;
				LastUpgradeCheck = 2630;
				TargetAttributes = {
					0A0BC9E4135041C696A4CEE5 = {
						CreatedOnToolsVersion = 26.3;
					};
					3D9DFCA07BB0403B9FEECE36 = {
						CreatedOnToolsVersion = 26.3;
					};
				};
			};
			buildConfigurationList = CC1071A2AC3E4CD5A1FDFEFD /* Build configuration list for PBXProject "LionWallet" */;
			developmentRegion = en;
			hasScannedForEncodings = 0;
			knownRegions = (
				en,
				Base,
			);
			mainGroup = 02606E972F6D49F48CD84125;
			minimizedProjectReferenceProxies = 1;
			preferredProjectObjectVersion = 77;
			productRefGroup = D640CC581B174136BCCB9DEA /* Products */;
			projectDirPath = "";
			projectRoot = "";
			targets = (
				0A0BC9E4135041C696A4CEE5 /* LionWallet */,
				3D9DFCA07BB0403B9FEECE36 /* LionWallet Extension */,
			);
		};
/* End PBXProject section */

/* Begin PBXResourcesBuildPhase section */
		44BD361299634634BCA7D291 /* Resources */ = {
			isa = PBXResourcesBuildPhase;
			buildActionMask = 2147483647;
			files = (
				70CCF51BA329470BBFDCF7FB /* Icon.png in Resources */,
				0C53E71570424A8BA6EE2422 /* Main.storyboard in Resources */,
				289DDBF05FD74DB79FE7E953 /* Script.js in Resources */,
				65A1CCDA0D9C415A8A8F5E10 /* Main.html in Resources */,
				ABFCE2F2DF854A5FA5331223 /* Assets.xcassets in Resources */,
				6EA268AD257B4363B0D17FBC /* Style.css in Resources */,
			);
			runOnlyForDeploymentPostprocessing = 0;
		};
		6EA223B3DA904A9E93BBD372 /* Resources */ = {
			isa = PBXResourcesBuildPhase;
			buildActionMask = 2147483647;
			files = (
				630A6F3BE94C4C8B9960E7B0 /* content-script.js in Resources */,
				2B8A4E1A2A70427CA0DD4E38 /* manifest.json in Resources */,
				933F099EB3D445B1B8926220 /* background.js in Resources */,
				2FA96D1F084D483DA7BC46E3 /* popup in Resources */,
				EB36273328CF4CAA8B75700B /* inpage.js in Resources */,
				BA67433C7C19449BB68A68F2 /* icons in Resources */,
				C889D327F7834930AFF36E4F /* ToolbarItemIcon.xcassets in Resources */,
			);
			runOnlyForDeploymentPostprocessing = 0;
		};
/* End PBXResourcesBuildPhase section */

/* Begin PBXSourcesBuildPhase section */
		A63E1AF324FD41249D884637 /* Sources */ = {
			isa = PBXSourcesBuildPhase;
			buildActionMask = 2147483647;
			files = (
				A1B2C3D4E5F60001A0000003 /* main.swift in Sources */,
				6030F2C9864F4E6382F55A47 /* ViewController.swift in Sources */,
				B5EFF0F0E8344F219D706C4D /* AppDelegate.swift in Sources */,
				A1B2C3D4E5F60001A0000004 /* NativeMessagingHost.swift in Sources */,
				A1B2C3D4E5F60001A0000001 /* KeychainHelper.swift in Sources */,
			);
			runOnlyForDeploymentPostprocessing = 0;
		};
		35668C79D9374ED6AA4C6458 /* Sources */ = {
			isa = PBXSourcesBuildPhase;
			buildActionMask = 2147483647;
			files = (
				3C6F981C539B4AD58AF45CCC /* SafariWebExtensionHandler.swift in Sources */,
				A1B2C3D4E5F60001A0000002 /* KeychainHelper.swift in Sources */,
			);
			runOnlyForDeploymentPostprocessing = 0;
		};
/* End PBXSourcesBuildPhase section */

/* Begin PBXTargetDependency section */
		63AF1675C41B426C88756A7D /* PBXTargetDependency */ = {
			isa = PBXTargetDependency;
			target = 3D9DFCA07BB0403B9FEECE36 /* LionWallet Extension */;
			targetProxy = A3FCCA44275C46C0AFCB9E1B /* PBXContainerItemProxy */;
		};
/* End PBXTargetDependency section */

/* Begin PBXVariantGroup section */
		BBAE73ED803148278EAEBC2A /* Main.html */ = {
			isa = PBXVariantGroup;
			children = (
				92B42EEB10C04380BD3CEDD3 /* Base */,
			);
			name = Main.html;
			sourceTree = "<group>";
		};
		25A9BA7A009749D8A4D42FAF /* Main.storyboard */ = {
			isa = PBXVariantGroup;
			children = (
				2D0AACB30AC94E2CB49EAEC2 /* Base */,
			);
			name = Main.storyboard;
			sourceTree = "<group>";
		};
/* End PBXVariantGroup section */

/* Begin XCBuildConfiguration section */
		A575148FF55E412DA306EEC6 /* Debug */ = {
			isa = XCBuildConfiguration;
			buildSettings = {
				ALWAYS_SEARCH_USER_PATHS = NO;
				ASSETCATALOG_COMPILER_GENERATE_SWIFT_ASSET_SYMBOL_EXTENSIONS = YES;
				CLANG_ANALYZER_NONNULL = YES;
				CLANG_ANALYZER_NUMBER_OBJECT_CONVERSION = YES_AGGRESSIVE;
				CLANG_CXX_LANGUAGE_STANDARD = "gnu++20";
				CLANG_ENABLE_MODULES = YES;
				CLANG_ENABLE_OBJC_ARC = YES;
				CLANG_ENABLE_OBJC_WEAK = YES;
				CLANG_WARN_BLOCK_CAPTURE_AUTORELEASING = YES;
				CLANG_WARN_BOOL_CONVERSION = YES;
				CLANG_WARN_COMMA = YES;
				CLANG_WARN_CONSTANT_CONVERSION = YES;
				CLANG_WARN_DEPRECATED_OBJC_IMPLEMENTATIONS = YES;
				CLANG_WARN_DIRECT_OBJC_ISA_USAGE = YES_ERROR;
				CLANG_WARN_DOCUMENTATION_COMMENTS = YES;
				CLANG_WARN_EMPTY_BODY = YES;
				CLANG_WARN_ENUM_CONVERSION = YES;
				CLANG_WARN_INFINITE_RECURSION = YES;
				CLANG_WARN_INT_CONVERSION = YES;
				CLANG_WARN_NON_LITERAL_NULL_CONVERSION = YES;
				CLANG_WARN_OBJC_IMPLICIT_RETAIN_SELF = YES;
				CLANG_WARN_OBJC_LITERAL_CONVERSION = YES;
				CLANG_WARN_OBJC_ROOT_CLASS = YES_ERROR;
				CLANG_WARN_QUOTED_INCLUDE_IN_FRAMEWORK_HEADER = YES;
				CLANG_WARN_RANGE_LOOP_ANALYSIS = YES;
				CLANG_WARN_STRICT_PROTOTYPES = YES;
				CLANG_WARN_SUSPICIOUS_MOVE = YES;
				CLANG_WARN_UNGUARDED_AVAILABILITY = YES_AGGRESSIVE;
				CLANG_WARN_UNREACHABLE_CODE = YES;
				CLANG_WARN__DUPLICATE_METHOD_MATCH = YES;
				COPY_PHASE_STRIP = NO;
				DEBUG_INFORMATION_FORMAT = dwarf;
				ENABLE_STRICT_OBJC_MSGSEND = YES;
				ENABLE_TESTABILITY = YES;
				ENABLE_USER_SCRIPT_SANDBOXING = YES;
				GCC_C_LANGUAGE_STANDARD = gnu17;
				GCC_DYNAMIC_NO_PIC = NO;
				GCC_NO_COMMON_BLOCKS = YES;
				GCC_OPTIMIZATION_LEVEL = 0;
				GCC_PREPROCESSOR_DEFINITIONS = (
					"DEBUG=1",
					"$(inherited)",
				);
				GCC_WARN_64_TO_32_BIT_CONVERSION = YES;
				GCC_WARN_ABOUT_RETURN_TYPE = YES_ERROR;
				GCC_WARN_UNDECLARED_SELECTOR = YES;
				GCC_WARN_UNINITIALIZED_AUTOS = YES_AGGRESSIVE;
				GCC_WARN_UNUSED_FUNCTION = YES;
				GCC_WARN_UNUSED_VARIABLE = YES;
				LOCALIZATION_PREFERS_STRING_CATALOGS = YES;
				MACOSX_DEPLOYMENT_TARGET = 15.6;
				MTL_ENABLE_DEBUG_INFO = INCLUDE_SOURCE;
				MTL_FAST_MATH = YES;
				ONLY_ACTIVE_ARCH = YES;
				SDKROOT = macosx;
				SWIFT_ACTIVE_COMPILATION_CONDITIONS = "DEBUG $(inherited)";
				SWIFT_OPTIMIZATION_LEVEL = "-Onone";
			};
			name = Debug;
		};
		47A810A733394FBEA6EBD18F /* Release */ = {
			isa = XCBuildConfiguration;
			buildSettings = {
				ALWAYS_SEARCH_USER_PATHS = NO;
				ASSETCATALOG_COMPILER_GENERATE_SWIFT_ASSET_SYMBOL_EXTENSIONS = YES;
				CLANG_ANALYZER_NONNULL = YES;
				CLANG_ANALYZER_NUMBER_OBJECT_CONVERSION = YES_AGGRESSIVE;
				CLANG_CXX_LANGUAGE_STANDARD = "gnu++20";
				CLANG_ENABLE_MODULES = YES;
				CLANG_ENABLE_OBJC_ARC = YES;
				CLANG_ENABLE_OBJC_WEAK = YES;
				CLANG_WARN_BLOCK_CAPTURE_AUTORELEASING = YES;
				CLANG_WARN_BOOL_CONVERSION = YES;
				CLANG_WARN_COMMA = YES;
				CLANG_WARN_CONSTANT_CONVERSION = YES;
				CLANG_WARN_DEPRECATED_OBJC_IMPLEMENTATIONS = YES;
				CLANG_WARN_DIRECT_OBJC_ISA_USAGE = YES_ERROR;
				CLANG_WARN_DOCUMENTATION_COMMENTS = YES;
				CLANG_WARN_EMPTY_BODY = YES;
				CLANG_WARN_ENUM_CONVERSION = YES;
				CLANG_WARN_INFINITE_RECURSION = YES;
				CLANG_WARN_INT_CONVERSION = YES;
				CLANG_WARN_NON_LITERAL_NULL_CONVERSION = YES;
				CLANG_WARN_OBJC_IMPLICIT_RETAIN_SELF = YES;
				CLANG_WARN_OBJC_LITERAL_CONVERSION = YES;
				CLANG_WARN_OBJC_ROOT_CLASS = YES_ERROR;
				CLANG_WARN_QUOTED_INCLUDE_IN_FRAMEWORK_HEADER = YES;
				CLANG_WARN_RANGE_LOOP_ANALYSIS = YES;
				CLANG_WARN_STRICT_PROTOTYPES = YES;
				CLANG_WARN_SUSPICIOUS_MOVE = YES;
				CLANG_WARN_UNGUARDED_AVAILABILITY = YES_AGGRESSIVE;
				CLANG_WARN_UNREACHABLE_CODE = YES;
				CLANG_WARN__DUPLICATE_METHOD_MATCH = YES;
				COPY_PHASE_STRIP = NO;
				DEBUG_INFORMATION_FORMAT = "dwarf-with-dsym";
				ENABLE_NS_ASSERTIONS = NO;
				ENABLE_STRICT_OBJC_MSGSEND = YES;
				ENABLE_USER_SCRIPT_SANDBOXING = YES;
				GCC_C_LANGUAGE_STANDARD = gnu17;
				GCC_NO_COMMON_BLOCKS = YES;
				GCC_WARN_64_TO_32_BIT_CONVERSION = YES;
				GCC_WARN_ABOUT_RETURN_TYPE = YES_ERROR;
				GCC_WARN_UNDECLARED_SELECTOR = YES;
				GCC_WARN_UNINITIALIZED_AUTOS = YES_AGGRESSIVE;
				GCC_WARN_UNUSED_FUNCTION = YES;
				GCC_WARN_UNUSED_VARIABLE = YES;
				LOCALIZATION_PREFERS_STRING_CATALOGS = YES;
				MACOSX_DEPLOYMENT_TARGET = 15.6;
				MTL_ENABLE_DEBUG_INFO = NO;
				MTL_FAST_MATH = YES;
				SDKROOT = macosx;
				SWIFT_COMPILATION_MODE = wholemodule;
			};
			name = Release;
		};
		0B5C191F10D4496B9A711C46 /* Debug */ = {
			isa = XCBuildConfiguration;
			buildSettings = {
				CODE_SIGN_ENTITLEMENTS = "LionWallet Extension/LionWallet Extension.entitlements";
				CODE_SIGN_STYLE = Automatic;
				CURRENT_PROJECT_VERSION = 1;
				DEVELOPMENT_TEAM = 6W99J3W7BS;
				ENABLE_APP_SANDBOX = YES;
				ENABLE_HARDENED_RUNTIME = YES;
				ENABLE_USER_SELECTED_FILES = readonly;
				GENERATE_INFOPLIST_FILE = YES;
				INFOPLIST_FILE = "LionWallet Extension/Info.plist";
				INFOPLIST_KEY_CFBundleDisplayName = "Lion Wallet";
				INFOPLIST_KEY_CFBundleName = "Lion Wallet";
				INFOPLIST_KEY_NSHumanReadableCopyright = "Copyright © 2026 Lion Wallet. All rights reserved.";
				LD_RUNPATH_SEARCH_PATHS = (
					"$(inherited)",
					"@executable_path/../Frameworks",
					"@executable_path/../../../../Frameworks",
				);
				MACOSX_DEPLOYMENT_TARGET = 10.14;
				MARKETING_VERSION = 0.1.0;
				OTHER_LDFLAGS = (
					"-framework",
					SafariServices,
				);
				PRODUCT_BUNDLE_IDENTIFIER = app.lionwallet.Extension;
				PRODUCT_NAME = "$(TARGET_NAME)";
				SKIP_INSTALL = YES;
				STRING_CATALOG_GENERATE_SYMBOLS = YES;
				SWIFT_APPROACHABLE_CONCURRENCY = YES;
				SWIFT_EMIT_LOC_STRINGS = YES;
				SWIFT_UPCOMING_FEATURE_MEMBER_IMPORT_VISIBILITY = YES;
				SWIFT_VERSION = 5.0;
			};
			name = Debug;
		};
		25DC56F7A0BF4BDB92F93477 /* Release */ = {
			isa = XCBuildConfiguration;
			buildSettings = {
				CODE_SIGN_ENTITLEMENTS = "LionWallet Extension/LionWallet Extension.entitlements";
				CODE_SIGN_STYLE = Automatic;
				CURRENT_PROJECT_VERSION = 1;
				DEVELOPMENT_TEAM = 6W99J3W7BS;
				ENABLE_APP_SANDBOX = YES;
				ENABLE_HARDENED_RUNTIME = YES;
				ENABLE_USER_SELECTED_FILES = readonly;
				GENERATE_INFOPLIST_FILE = YES;
				INFOPLIST_FILE = "LionWallet Extension/Info.plist";
				INFOPLIST_KEY_CFBundleDisplayName = "Lion Wallet";
				INFOPLIST_KEY_CFBundleName = "Lion Wallet";
				INFOPLIST_KEY_NSHumanReadableCopyright = "Copyright © 2026 Lion Wallet. All rights reserved.";
				LD_RUNPATH_SEARCH_PATHS = (
					"$(inherited)",
					"@executable_path/../Frameworks",
					"@executable_path/../../../../Frameworks",
				);
				MACOSX_DEPLOYMENT_TARGET = 10.14;
				MARKETING_VERSION = 0.1.0;
				OTHER_LDFLAGS = (
					"-framework",
					SafariServices,
				);
				PRODUCT_BUNDLE_IDENTIFIER = app.lionwallet.Extension;
				PRODUCT_NAME = "$(TARGET_NAME)";
				SKIP_INSTALL = YES;
				STRING_CATALOG_GENERATE_SYMBOLS = YES;
				SWIFT_APPROACHABLE_CONCURRENCY = YES;
				SWIFT_EMIT_LOC_STRINGS = YES;
				SWIFT_UPCOMING_FEATURE_MEMBER_IMPORT_VISIBILITY = YES;
				SWIFT_VERSION = 5.0;
			};
			name = Release;
		};
		5B3342456EBC4091A043FF9D /* Debug */ = {
			isa = XCBuildConfiguration;
			buildSettings = {
				ASSETCATALOG_COMPILER_APPICON_NAME = AppIcon;
				ASSETCATALOG_COMPILER_GLOBAL_ACCENT_COLOR_NAME = AccentColor;
				CODE_SIGN_ENTITLEMENTS = LionWallet/LionWallet.entitlements;
				CODE_SIGN_STYLE = Automatic;
				COMBINE_HIDPI_IMAGES = YES;
				CURRENT_PROJECT_VERSION = 1;
				DEVELOPMENT_TEAM = 6W99J3W7BS;
				ENABLE_APP_SANDBOX = YES;
				ENABLE_HARDENED_RUNTIME = YES;
				ENABLE_INCOMING_NETWORK_CONNECTIONS = YES;
				ENABLE_OUTGOING_NETWORK_CONNECTIONS = YES;
				ENABLE_RESOURCE_ACCESS_AUDIO_INPUT = NO;
				ENABLE_RESOURCE_ACCESS_BLUETOOTH = NO;
				ENABLE_RESOURCE_ACCESS_CALENDARS = NO;
				ENABLE_RESOURCE_ACCESS_CAMERA = NO;
				ENABLE_RESOURCE_ACCESS_CONTACTS = NO;
				ENABLE_RESOURCE_ACCESS_LOCATION = NO;
				ENABLE_RESOURCE_ACCESS_PRINTING = NO;
				ENABLE_RESOURCE_ACCESS_USB = NO;
				ENABLE_USER_SELECTED_FILES = readonly;
				GENERATE_INFOPLIST_FILE = YES;
				INFOPLIST_FILE = LionWallet/Info.plist;
				INFOPLIST_KEY_CFBundleDisplayName = "Lion Wallet";
				INFOPLIST_KEY_CFBundleName = "Lion Wallet";
				INFOPLIST_KEY_LSApplicationCategoryType = "public.app-category.finance";
				INFOPLIST_KEY_NSHumanReadableCopyright = "Copyright © 2026 Lion Wallet. All rights reserved.";
				INFOPLIST_KEY_NSMainStoryboardFile = Main;
				INFOPLIST_KEY_NSPrincipalClass = NSApplication;
				LD_RUNPATH_SEARCH_PATHS = (
					"$(inherited)",
					"@executable_path/../Frameworks",
				);
				MARKETING_VERSION = 0.1.0;
				OTHER_LDFLAGS = (
					"-framework",
					SafariServices,
					"-framework",
					WebKit,
				);
				PRODUCT_BUNDLE_IDENTIFIER = app.lionwallet;
				PRODUCT_NAME = "$(TARGET_NAME)";
				REGISTER_APP_GROUPS = YES;
				STRING_CATALOG_GENERATE_SYMBOLS = YES;
				SWIFT_APPROACHABLE_CONCURRENCY = YES;
				SWIFT_DEFAULT_ACTOR_ISOLATION = MainActor;
				SWIFT_EMIT_LOC_STRINGS = YES;
				SWIFT_UPCOMING_FEATURE_MEMBER_IMPORT_VISIBILITY = YES;
				SWIFT_VERSION = 5.0;
			};
			name = Debug;
		};
		817397DA5C064EADBA3DAD71 /* Release */ = {
			isa = XCBuildConfiguration;
			buildSettings = {
				ASSETCATALOG_COMPILER_APPICON_NAME = AppIcon;
				ASSETCATALOG_COMPILER_GLOBAL_ACCENT_COLOR_NAME = AccentColor;
				CODE_SIGN_ENTITLEMENTS = LionWallet/LionWallet.entitlements;
				CODE_SIGN_STYLE = Automatic;
				COMBINE_HIDPI_IMAGES = YES;
				CURRENT_PROJECT_VERSION = 1;
				DEVELOPMENT_TEAM = 6W99J3W7BS;
				ENABLE_APP_SANDBOX = YES;
				ENABLE_HARDENED_RUNTIME = YES;
				ENABLE_INCOMING_NETWORK_CONNECTIONS = YES;
				ENABLE_OUTGOING_NETWORK_CONNECTIONS = YES;
				ENABLE_RESOURCE_ACCESS_AUDIO_INPUT = NO;
				ENABLE_RESOURCE_ACCESS_BLUETOOTH = NO;
				ENABLE_RESOURCE_ACCESS_CALENDARS = NO;
				ENABLE_RESOURCE_ACCESS_CAMERA = NO;
				ENABLE_RESOURCE_ACCESS_CONTACTS = NO;
				ENABLE_RESOURCE_ACCESS_LOCATION = NO;
				ENABLE_RESOURCE_ACCESS_PRINTING = NO;
				ENABLE_RESOURCE_ACCESS_USB = NO;
				ENABLE_USER_SELECTED_FILES = readonly;
				GENERATE_INFOPLIST_FILE = YES;
				INFOPLIST_FILE = LionWallet/Info.plist;
				INFOPLIST_KEY_CFBundleDisplayName = "Lion Wallet";
				INFOPLIST_KEY_CFBundleName = "Lion Wallet";
				INFOPLIST_KEY_LSApplicationCategoryType = "public.app-category.finance";
				INFOPLIST_KEY_NSHumanReadableCopyright = "Copyright © 2026 Lion Wallet. All rights reserved.";
				INFOPLIST_KEY_NSMainStoryboardFile = Main;
				INFOPLIST_KEY_NSPrincipalClass = NSApplication;
				LD_RUNPATH_SEARCH_PATHS = (
					"$(inherited)",
					"@executable_path/../Frameworks",
				);
				MARKETING_VERSION = 0.1.0;
				OTHER_LDFLAGS = (
					"-framework",
					SafariServices,
					"-framework",
					WebKit,
				);
				PRODUCT_BUNDLE_IDENTIFIER = app.lionwallet;
				PRODUCT_NAME = "$(TARGET_NAME)";
				REGISTER_APP_GROUPS = YES;
				STRING_CATALOG_GENERATE_SYMBOLS = YES;
				SWIFT_APPROACHABLE_CONCURRENCY = YES;
				SWIFT_DEFAULT_ACTOR_ISOLATION = MainActor;
				SWIFT_EMIT_LOC_STRINGS = YES;
				SWIFT_UPCOMING_FEATURE_MEMBER_IMPORT_VISIBILITY = YES;
				SWIFT_VERSION = 5.0;
			};
			name = Release;
		};
/* End XCBuildConfiguration section */

/* Begin XCConfigurationList section */
		CC1071A2AC3E4CD5A1FDFEFD /* Build configuration list for PBXProject "LionWallet" */ = {
			isa = XCConfigurationList;
			buildConfigurations = (
				A575148FF55E412DA306EEC6 /* Debug */,
				47A810A733394FBEA6EBD18F /* Release */,
			);
			defaultConfigurationIsVisible = 0;
			defaultConfigurationName = Release;
		};
		C4C6FF6C6A3145819AD032D4 /* Build configuration list for PBXNativeTarget "LionWallet Extension" */ = {
			isa = XCConfigurationList;
			buildConfigurations = (
				0B5C191F10D4496B9A711C46 /* Debug */,
				25DC56F7A0BF4BDB92F93477 /* Release */,
			);
			defaultConfigurationIsVisible = 0;
			defaultConfigurationName = Release;
		};
		13556759FDF84404B1E4F01E /* Build configuration list for PBXNativeTarget "LionWallet" */ = {
			isa = XCConfigurationList;
			buildConfigurations = (
				5B3342456EBC4091A043FF9D /* Debug */,
				817397DA5C064EADBA3DAD71 /* Release */,
			);
			defaultConfigurationIsVisible = 0;
			defaultConfigurationName = Release;
		};
/* End XCConfigurationList section */
	};
	rootObject = CD45C85C65134D6EBC933EE6 /* Project object */;
}
